
Microsoft Visual Studio Solution File, Format Version 12.00
# Visual Studio 15
VisualStudioVersion = 15.0.28010.2046
MinimumVisualStudioVersion = 10.0.40219.1
Project("{888888A0-9F3D-457C-B088-3A5042F75D52}") = "Snake", "Snake.pyproj", "{743C2E05-D248-4E97-9356-FAA79E6C6AD1}"
EndProject
Global
	GlobalSection(SolutionConfigurationPlatforms) = preSolution
		Debug|Any CPU = Debug|Any CPU
		Release|Any CPU = Release|Any CPU
	EndGlobalSection
	GlobalSection(ProjectConfigurationPlatforms) = postSolution
		{743C2E05-D248-4E97-9356-FAA79E6C6AD1}.Debug|Any CPU.ActiveCfg = Debug|Any CPU
		{743C2E05-D248-4E97-9356-FAA79E6C6AD1}.Release|Any CPU.ActiveCfg = Release|Any CPU
	EndGlobalSection
	GlobalSection(SolutionProperties) = preSolution
		HideSolutionNode = FALSE
	EndGlobalSection
	GlobalSection(ExtensibilityGlobals) = postSolution
		SolutionGuid = {4590E091-6F93-40CB-824E-119991D5B804}
	EndGlobalSection
EndGlobal
